
Microsoft Visual Studio Solution File, Format Version 12.00
# Visual Studio Version 17
VisualStudioVersion = 17.11.35327.3
MinimumVisualStudioVersion = 10.0.40219.1
Project("{FAE04EC0-301F-11D3-BF4B-00C04F79EFBC}") = "Hotkeys Master", "Hotkeys Master\Hotkeys Master.csproj", "{AA265150-883D-4B5E-8524-094A3AADC0F2}"
EndProject
Global
	GlobalSection(SolutionConfigurationPlatforms) = preSolution
		Debug|Any CPU = Debug|Any CPU
		Release|Any CPU = Release|Any CPU
	EndGlobalSection
	GlobalSection(ProjectConfigurationPlatforms) = postSolution
		{AA265150-883D-4B5E-8524-094A3AADC0F2}.Debug|Any CPU.ActiveCfg = Debug|Any CPU
		{AA265150-883D-4B5E-8524-094A3AADC0F2}.Debug|Any CPU.Build.0 = Debug|Any CPU
		{AA265150-883D-4B5E-8524-094A3AADC0F2}.Release|Any CPU.ActiveCfg = Release|Any CPU
		{AA265150-883D-4B5E-8524-094A3AADC0F2}.Release|Any CPU.Build.0 = Release|Any CPU
	EndGlobalSection
	GlobalSection(SolutionProperties) = preSolution
		HideSolutionNode = FALSE
	EndGlobalSection
	GlobalSection(ExtensibilityGlobals) = postSolution
		SolutionGuid = {95DA5A6C-8CF2-4AF7-B076-45DA1C646CAE}
	EndGlobalSection
EndGlobal
